// !$*UTF8*$!
{
	archiveVersion = 1;
	classes = {
	};
	objectVersion = 55;
	objects = {

/* Begin PBXBuildFile section */
		1524ADE727FE5B8600F4358F /* OrdinalFormatter.swift in Sources */ = {isa = PBXBuildFile; fileRef = 1524ADE627FE5B8600F4358F /* OrdinalFormatter.swift */; };
		1581387527F345F400020B2A /* StateManagementApp.swift in Sources */ = {isa = PBXBuildFile; fileRef = 1581387427F345F400020B2A /* StateManagementApp.swift */; };
		1581387927F345FB00020B2A /* Assets.xcassets in Resources */ = {isa = PBXBuildFile; fileRef = 1581387827F345FB00020B2A /* Assets.xcassets */; };
		1581387C27F345FB00020B2A /* Preview Assets.xcassets in Resources */ = {isa = PBXBuildFile; fileRef = 1581387B27F345FB00020B2A /* Preview Assets.xcassets */; };
		1581388627F345FB00020B2A /* StateManagementTests.swift in Sources */ = {isa = PBXBuildFile; fileRef = 1581388527F345FB00020B2A /* StateManagementTests.swift */; };
		1581389F27F3479300020B2A /* README.md in Resources */ = {isa = PBXBuildFile; fileRef = 1581389E27F3479300020B2A /* README.md */; };
		158138A627F34CB300020B2A /* HomeView.swift in Sources */ = {isa = PBXBuildFile; fileRef = 158138A527F34CB300020B2A /* HomeView.swift */; };
		158138A827F34CC400020B2A /* AppState.swift in Sources */ = {isa = PBXBuildFile; fileRef = 158138A727F34CC400020B2A /* AppState.swift */; };
		158138AA27F3517400020B2A /* CounterView.swift in Sources */ = {isa = PBXBuildFile; fileRef = 158138A927F3517400020B2A /* CounterView.swift */; };
/* End PBXBuildFile section */

/* Begin PBXContainerItemProxy section */
		1581388227F345FB00020B2A /* PBXContainerItemProxy */ = {
			isa = PBXContainerItemProxy;
			containerPortal = 1581386927F345F400020B2A /* Project object */;
			proxyType = 1;
			remoteGlobalIDString = 1581387027F345F400020B2A;
			remoteInfo = StateManagement;
		};
/* End PBXContainerItemProxy section */

/* Begin PBXFileReference section */
		1524ADE627FE5B8600F4358F /* OrdinalFormatter.swift */ = {isa = PBXFileReference; lastKnownFileType = sourcecode.swift; path = OrdinalFormatter.swift; sourceTree = "<group>"; };
		1581387127F345F400020B2A /* StateManagement.app */ = {isa = PBXFileReference; explicitFileType = wrapper.application; includeInIndex = 0; path = StateManagement.app; sourceTree = BUILT_PRODUCTS_DIR; };
		1581387427F345F400020B2A /* StateManagementApp.swift */ = {isa = PBXFileReference; lastKnownFileType = sourcecode.swift; path = StateManagementApp.swift; sourceTree = "<group>"; };
		1581387827F345FB00020B2A /* Assets.xcassets */ = {isa = PBXFileReference; lastKnownFileType = folder.assetcatalog; path = Assets.xcassets; sourceTree = "<group>"; };
		1581387B27F345FB00020B2A /* Preview Assets.xcassets */ = {isa = PBXFileReference; lastKnownFileType = folder.assetcatalog; path = "Preview Assets.xcassets"; sourceTree = "<group>"; };
		1581388127F345FB00020B2A /* StateManagementTests.xctest */ = {isa = PBXFileReference; explicitFileType = wrapper.cfbundle; includeInIndex = 0; path = StateManagementTests.xctest; sourceTree = BUILT_PRODUCTS_DIR; };
		1581388527F345FB00020B2A /* StateManagementTests.swift */ = {isa = PBXFileReference; lastKnownFileType = sourcecode.swift; path = StateManagementTests.swift; sourceTree = "<group>"; };
		1581389E27F3479300020B2A /* README.md */ = {isa = PBXFileReference; fileEncoding = 4; lastKnownFileType = net.daringfireball.markdown; name = README.md; path = ../README.md; sourceTree = "<group>"; };
		158138A527F34CB300020B2A /* HomeView.swift */ = {isa = PBXFileReference; lastKnownFileType = sourcecode.swift; path = HomeView.swift; sourceTree = "<group>"; };
		158138A727F34CC400020B2A /* AppState.swift */ = {isa = PBXFileReference; lastKnownFileType = sourcecode.swift; path = AppState.swift; sourceTree = "<group>"; };
		158138A927F3517400020B2A /* CounterView.swift */ = {isa = PBXFileReference; lastKnownFileType = sourcecode.swift; path = CounterView.swift; sourceTree = "<group>"; };
/* End PBXFileReference section */

/* Begin PBXFrameworksBuildPhase section */
		1581386E27F345F400020B2A /* Frameworks */ = {
			isa = PBXFrameworksBuildPhase;
			buildActionMask = 2147483647;
			files = (
			);
			runOnlyForDeploymentPostprocessing = 0;
		};
		1581387E27F345FB00020B2A /* Frameworks */ = {
			isa = PBXFrameworksBuildPhase;
			buildActionMask = 2147483647;
			files = (
			);
			runOnlyForDeploymentPostprocessing = 0;
		};
/* End PBXFrameworksBuildPhase section */

/* Begin PBXGroup section */
		1524ADE427FE5B2600F4358F /* Extension */ = {
			isa = PBXGroup;
			children = (
			);
			path = Extension;
			sourceTree = "<group>";
		};
		1524ADE527FE5B6800F4358F /* Formatter */ = {
			isa = PBXGroup;
			children = (
				1524ADE627FE5B8600F4358F /* OrdinalFormatter.swift */,
			);
			path = Formatter;
			sourceTree = "<group>";
		};
		1524ADE827FE5CFC00F4358F /* Resource */ = {
			isa = PBXGroup;
			children = (
			);
			path = Resource;
			sourceTree = "<group>";
		};
		1581386827F345F400020B2A = {
			isa = PBXGroup;
			children = (
				1581389E27F3479300020B2A /* README.md */,
				1581387327F345F400020B2A /* StateManagement */,
				1581388427F345FB00020B2A /* StateManagementTests */,
				1581387227F345F400020B2A /* Products */,
			);
			sourceTree = "<group>";
		};
		1581387227F345F400020B2A /* Products */ = {
			isa = PBXGroup;
			children = (
				1581387127F345F400020B2A /* StateManagement.app */,
				1581388127F345FB00020B2A /* StateManagementTests.xctest */,
			);
			name = Products;
			sourceTree = "<group>";
		};
		1581387327F345F400020B2A /* StateManagement */ = {
			isa = PBXGroup;
			children = (
				1524ADE827FE5CFC00F4358F /* Resource */,
				1524ADE527FE5B6800F4358F /* Formatter */,
				1524ADE427FE5B2600F4358F /* Extension */,
				158138A127F34BE900020B2A /* Data */,
				158138A027F34BE300020B2A /* Scenes */,
				1581387427F345F400020B2A /* StateManagementApp.swift */,
				1581387827F345FB00020B2A /* Assets.xcassets */,
				1581387A27F345FB00020B2A /* Preview Content */,
			);
			path = StateManagement;
			sourceTree = "<group>";
		};
		1581387A27F345FB00020B2A /* Preview Content */ = {
			isa = PBXGroup;
			children = (
				1581387B27F345FB00020B2A /* Preview Assets.xcassets */,
			);
			path = "Preview Content";
			sourceTree = "<group>";
		};
		1581388427F345FB00020B2A /* StateManagementTests */ = {
			isa = PBXGroup;
			children = (
				1581388527F345FB00020B2A /* StateManagementTests.swift */,
			);
			path = StateManagementTests;
			sourceTree = "<group>";
		};
		158138A027F34BE300020B2A /* Scenes */ = {
			isa = PBXGroup;
			children = (
				158138A427F34C9E00020B2A /* Home */,
				158138A327F34C5F00020B2A /* Favorite */,
				158138A227F34C5900020B2A /* Counter */,
			);
			path = Scenes;
			sourceTree = "<group>";
		};
		158138A127F34BE900020B2A /* Data */ = {
			isa = PBXGroup;
			children = (
			);
			path = Data;
			sourceTree = "<group>";
		};
		158138A227F34C5900020B2A /* Counter */ = {
			isa = PBXGroup;
			children = (
				158138A927F3517400020B2A /* CounterView.swift */,
			);
			path = Counter;
			sourceTree = "<group>";
		};
		158138A327F34C5F00020B2A /* Favorite */ = {
			isa = PBXGroup;
			children = (
			);
			path = Favorite;
			sourceTree = "<group>";
		};
		158138A427F34C9E00020B2A /* Home */ = {
			isa = PBXGroup;
			children = (
				158138A527F34CB300020B2A /* HomeView.swift */,
				158138A727F34CC400020B2A /* AppState.swift */,
			);
			path = Home;
			sourceTree = "<group>";
		};
/* End PBXGroup section */

/* Begin PBXNativeTarget section */
		1581387027F345F400020B2A /* StateManagement */ = {
			isa = PBXNativeTarget;
			buildConfigurationList = 1581389527F345FB00020B2A /* Build configuration list for PBXNativeTarget "StateManagement" */;
			buildPhases = (
				1581386D27F345F400020B2A /* Sources */,
				1581386E27F345F400020B2A /* Frameworks */,
				1581386F27F345F400020B2A /* Resources */,
			);
			buildRules = (
			);
			dependencies = (
			);
			name = StateManagement;
			productName = StateManagement;
			productReference = 1581387127F345F400020B2A /* StateManagement.app */;
			productType = "com.apple.product-type.application";
		};
		1581388027F345FB00020B2A /* StateManagementTests */ = {
			isa = PBXNativeTarget;
			buildConfigurationList = 1581389827F345FB00020B2A /* Build configuration list for PBXNativeTarget "StateManagementTests" */;
			buildPhases = (
				1581387D27F345FB00020B2A /* Sources */,
				1581387E27F345FB00020B2A /* Frameworks */,
				1581387F27F345FB00020B2A /* Resources */,
			);
			buildRules = (
			);
			dependencies = (
				1581388327F345FB00020B2A /* PBXTargetDependency */,
			);
			name = StateManagementTests;
			productName = StateManagementTests;
			productReference = 1581388127F345FB00020B2A /* StateManagementTests.xctest */;
			productType = "com.apple.product-type.bundle.unit-test";
		};
/* End PBXNativeTarget section */

/* Begin PBXProject section */
		1581386927F345F400020B2A /* Project object */ = {
			isa = PBXProject;
			attributes = {
				BuildIndependentTargetsInParallel = 1;
				LastSwiftUpdateCheck = 1320;
				LastUpgradeCheck = 1320;
				TargetAttributes = {
					1581387027F345F400020B2A = {
						CreatedOnToolsVersion = 13.2;
					};
					1581388027F345FB00020B2A = {
						CreatedOnToolsVersion = 13.2;
						TestTargetID = 1581387027F345F400020B2A;
					};
				};
			};
			buildConfigurationList = 1581386C27F345F400020B2A /* Build configuration list for PBXProject "StateManagement" */;
			compatibilityVersion = "Xcode 13.0";
			developmentRegion = en;
			hasScannedForEncodings = 0;
			knownRegions = (
				en,
				Base,
			);
			mainGroup = 1581386827F345F400020B2A;
			productRefGroup = 1581387227F345F400020B2A /* Products */;
			projectDirPath = "";
			projectRoot = "";
			targets = (
				1581387027F345F400020B2A /* StateManagement */,
				1581388027F345FB00020B2A /* StateManagementTests */,
			);
		};
/* End PBXProject section */

/* Begin PBXResourcesBuildPhase section */
		1581386F27F345F400020B2A /* Resources */ = {
			isa = PBXResourcesBuildPhase;
			buildActionMask = 2147483647;
			files = (
				1581389F27F3479300020B2A /* README.md in Resources */,
				1581387C27F345FB00020B2A /* Preview Assets.xcassets in Resources */,
				1581387927F345FB00020B2A /* Assets.xcassets in Resources */,
			);
			runOnlyForDeploymentPostprocessing = 0;
		};
		1581387F27F345FB00020B2A /* Resources */ = {
			isa = PBXResourcesBuildPhase;
			buildActionMask = 2147483647;
			files = (
			);
			runOnlyForDeploymentPostprocessing = 0;
		};
/* End PBXResourcesBuildPhase section */

/* Begin PBXSourcesBuildPhase section */
		1581386D27F345F400020B2A /* Sources */ = {
			isa = PBXSourcesBuildPhase;
			buildActionMask = 2147483647;
			files = (
				1524ADE727FE5B8600F4358F /* OrdinalFormatter.swift in Sources */,
				1581387527F345F400020B2A /* StateManagementApp.swift in Sources */,
				158138A827F34CC400020B2A /* AppState.swift in Sources */,
				158138A627F34CB300020B2A /* HomeView.swift in Sources */,
				158138AA27F3517400020B2A /* CounterView.swift in Sources */,
			);
			runOnlyForDeploymentPostprocessing = 0;
		};
		1581387D27F345FB00020B2A /* Sources */ = {
			isa = PBXSourcesBuildPhase;
			buildActionMask = 2147483647;
			files = (
				1581388627F345FB00020B2A /* StateManagementTests.swift in Sources */,
			);
			runOnlyForDeploymentPostprocessing = 0;
		};
/* End PBXSourcesBuildPhase section */

/* Begin PBXTargetDependency section */
		1581388327F345FB00020B2A /* PBXTargetDependency */ = {
			isa = PBXTargetDependency;
			target = 1581387027F345F400020B2A /* StateManagement */;
			targetProxy = 1581388227F345FB00020B2A /* PBXContainerItemProxy */;
		};
/* End PBXTargetDependency section */

/* Begin XCBuildConfiguration section */
		1581389327F345FB00020B2A /* Debug */ = {
			isa = XCBuildConfiguration;
			buildSettings = {
				ALWAYS_SEARCH_USER_PATHS = NO;
				CLANG_ANALYZER_NONNULL = YES;
				CLANG_ANALYZER_NUMBER_OBJECT_CONVERSION = YES_AGGRESSIVE;
				CLANG_CXX_LANGUAGE_STANDARD = "gnu++17";
				CLANG_CXX_LIBRARY = "libc++";
				CLANG_ENABLE_MODULES = YES;
				CLANG_ENABLE_OBJC_ARC = YES;
				CLANG_ENABLE_OBJC_WEAK = YES;
				CLANG_WARN_BLOCK_CAPTURE_AUTORELEASING = YES;
				CLANG_WARN_BOOL_CONVERSION = YES;
				CLANG_WARN_COMMA = YES;
				CLANG_WARN_CONSTANT_CONVERSION = YES;
				CLANG_WARN_DEPRECATED_OBJC_IMPLEMENTATIONS = YES;
				CLANG_WARN_DIRECT_OBJC_ISA_USAGE = YES_ERROR;
				CLANG_WARN_DOCUMENTATION_COMMENTS = YES;
				CLANG_WARN_EMPTY_BODY = YES;
				CLANG_WARN_ENUM_CONVERSION = YES;
				CLANG_WARN_INFINITE_RECURSION = YES;
				CLANG_WARN_INT_CONVERSION = YES;
				CLANG_WARN_NON_LITERAL_NULL_CONVERSION = YES;
				CLANG_WARN_OBJC_IMPLICIT_RETAIN_SELF = YES;
				CLANG_WARN_OBJC_LITERAL_CONVERSION = YES;
				CLANG_WARN_OBJC_ROOT_CLASS = YES_ERROR;
				CLANG_WARN_QUOTED_INCLUDE_IN_FRAMEWORK_HEADER = YES;
				CLANG_WARN_RANGE_LOOP_ANALYSIS = YES;
				CLANG_WARN_STRICT_PROTOTYPES = YES;
				CLANG_WARN_SUSPICIOUS_MOVE = YES;
				CLANG_WARN_UNGUARDED_AVAILABILITY = YES_AGGRESSIVE;
				CLANG_WARN_UNREACHABLE_CODE = YES;
				CLANG_WARN__DUPLICATE_METHOD_MATCH = YES;
				COPY_PHASE_STRIP = NO;
				DEBUG_INFORMATION_FORMAT = dwarf;
				ENABLE_STRICT_OBJC_MSGSEND = YES;
				ENABLE_TESTABILITY = YES;
				GCC_C_LANGUAGE_STANDARD = gnu11;
				GCC_DYNAMIC_NO_PIC = NO;
				GCC_NO_COMMON_BLOCKS = YES;
				GCC_OPTIMIZATION_LEVEL = 0;
				GCC_PREPROCESSOR_DEFINITIONS = (
					"DEBUG=1",
					"$(inherited)",
				);
				GCC_WARN_64_TO_32_BIT_CONVERSION = YES;
				GCC_WARN_ABOUT_RETURN_TYPE = YES_ERROR;
				GCC_WARN_UNDECLARED_SELECTOR = YES;
				GCC_WARN_UNINITIALIZED_AUTOS = YES_AGGRESSIVE;
				GCC_WARN_UNUSED_FUNCTION = YES;
				GCC_WARN_UNUSED_VARIABLE = YES;
				IPHONEOS_DEPLOYMENT_TARGET = 15.2;
				MTL_ENABLE_DEBUG_INFO = INCLUDE_SOURCE;
				MTL_FAST_MATH = YES;
				ONLY_ACTIVE_ARCH = YES;
				SDKROOT = iphoneos;
				SWIFT_ACTIVE_COMPILATION_CONDITIONS = DEBUG;
				SWIFT_OPTIMIZATION_LEVEL = "-Onone";
			};
			name = Debug;
		};
		1581389427F345FB00020B2A /* Release */ = {
			isa = XCBuildConfiguration;
			buildSettings = {
				ALWAYS_SEARCH_USER_PATHS = NO;
				CLANG_ANALYZER_NONNULL = YES;
				CLANG_ANALYZER_NUMBER_OBJECT_CONVERSION = YES_AGGRESSIVE;
				CLANG_CXX_LANGUAGE_STANDARD = "gnu++17";
				CLANG_CXX_LIBRARY = "libc++";
				CLANG_ENABLE_MODULES = YES;
				CLANG_ENABLE_OBJC_ARC = YES;
				CLANG_ENABLE_OBJC_WEAK = YES;
				CLANG_WARN_BLOCK_CAPTURE_AUTORELEASING = YES;
				CLANG_WARN_BOOL_CONVERSION = YES;
				CLANG_WARN_COMMA = YES;
				CLANG_WARN_CONSTANT_CONVERSION = YES;
				CLANG_WARN_DEPRECATED_OBJC_IMPLEMENTATIONS = YES;
				CLANG_WARN_DIRECT_OBJC_ISA_USAGE = YES_ERROR;
				CLANG_WARN_DOCUMENTATION_COMMENTS = YES;
				CLANG_WARN_EMPTY_BODY = YES;
				CLANG_WARN_ENUM_CONVERSION = YES;
				CLANG_WARN_INFINITE_RECURSION = YES;
				CLANG_WARN_INT_CONVERSION = YES;
				CLANG_WARN_NON_LITERAL_NULL_CONVERSION = YES;
				CLANG_WARN_OBJC_IMPLICIT_RETAIN_SELF = YES;
				CLANG_WARN_OBJC_LITERAL_CONVERSION = YES;
				CLANG_WARN_OBJC_ROOT_CLASS = YES_ERROR;
				CLANG_WARN_QUOTED_INCLUDE_IN_FRAMEWORK_HEADER = YES;
				CLANG_WARN_RANGE_LOOP_ANALYSIS = YES;
				CLANG_WARN_STRICT_PROTOTYPES = YES;
				CLANG_WARN_SUSPICIOUS_MOVE = YES;
				CLANG_WARN_UNGUARDED_AVAILABILITY = YES_AGGRESSIVE;
				CLANG_WARN_UNREACHABLE_CODE = YES;
				CLANG_WARN__DUPLICATE_METHOD_MATCH = YES;
				COPY_PHASE_STRIP = NO;
				DEBUG_INFORMATION_FORMAT = "dwarf-with-dsym";
				ENABLE_NS_ASSERTIONS = NO;
				ENABLE_STRICT_OBJC_MSGSEND = YES;
				GCC_C_LANGUAGE_STANDARD = gnu11;
				GCC_NO_COMMON_BLOCKS = YES;
				GCC_WARN_64_TO_32_BIT_CONVERSION = YES;
				GCC_WARN_ABOUT_RETURN_TYPE = YES_ERROR;
				GCC_WARN_UNDECLARED_SELECTOR = YES;
				GCC_WARN_UNINITIALIZED_AUTOS = YES_AGGRESSIVE;
				GCC_WARN_UNUSED_FUNCTION = YES;
				GCC_WARN_UNUSED_VARIABLE = YES;
				IPHONEOS_DEPLOYMENT_TARGET = 15.2;
				MTL_ENABLE_DEBUG_INFO = NO;
				MTL_FAST_MATH = YES;
				SDKROOT = iphoneos;
				SWIFT_COMPILATION_MODE = wholemodule;
				SWIFT_OPTIMIZATION_LEVEL = "-O";
				VALIDATE_PRODUCT = YES;
			};
			name = Release;
		};
		1581389627F345FB00020B2A /* Debug */ = {
			isa = XCBuildConfiguration;
			buildSettings = {
				ASSETCATALOG_COMPILER_APPICON_NAME = AppIcon;
				ASSETCATALOG_COMPILER_GLOBAL_ACCENT_COLOR_NAME = AccentColor;
				CODE_SIGN_STYLE = Automatic;
				CURRENT_PROJECT_VERSION = 1;
				DEVELOPMENT_ASSET_PATHS = "\"StateManagement/Preview Content\"";
				ENABLE_PREVIEWS = YES;
				GENERATE_INFOPLIST_FILE = YES;
				INFOPLIST_KEY_UIApplicationSceneManifest_Generation = YES;
				INFOPLIST_KEY_UIApplicationSupportsIndirectInputEvents = YES;
				INFOPLIST_KEY_UILaunchScreen_Generation = YES;
				INFOPLIST_KEY_UISupportedInterfaceOrientations_iPad = "UIInterfaceOrientationPortrait UIInterfaceOrientationPortraitUpsideDown UIInterfaceOrientationLandscapeLeft UIInterfaceOrientationLandscapeRight";
				INFOPLIST_KEY_UISupportedInterfaceOrientations_iPhone = "UIInterfaceOrientationPortrait UIInterfaceOrientationLandscapeLeft UIInterfaceOrientationLandscapeRight";
				LD_RUNPATH_SEARCH_PATHS = (
					"$(inherited)",
					"@executable_path/Frameworks",
				);
				MARKETING_VERSION = 1.0;
				PRODUCT_BUNDLE_IDENTIFIER = com.swiftheroes.StateManagement;
				PRODUCT_NAME = "$(TARGET_NAME)";
				SWIFT_EMIT_LOC_STRINGS = YES;
				SWIFT_VERSION = 5.0;
				TARGETED_DEVICE_FAMILY = "1,2";
			};
			name = Debug;
		};
		1581389727F345FB00020B2A /* Release */ = {
			isa = XCBuildConfiguration;
			buildSettings = {
				ASSETCATALOG_COMPILER_APPICON_NAME = AppIcon;
				ASSETCATALOG_COMPILER_GLOBAL_ACCENT_COLOR_NAME = AccentColor;
				CODE_SIGN_STYLE = Automatic;
				CURRENT_PROJECT_VERSION = 1;
				DEVELOPMENT_ASSET_PATHS = "\"StateManagement/Preview Content\"";
				ENABLE_PREVIEWS = YES;
				GENERATE_INFOPLIST_FILE = YES;
				INFOPLIST_KEY_UIApplicationSceneManifest_Generation = YES;
				INFOPLIST_KEY_UIApplicationSupportsIndirectInputEvents = YES;
				INFOPLIST_KEY_UILaunchScreen_Generation = YES;
				INFOPLIST_KEY_UISupportedInterfaceOrientations_iPad = "UIInterfaceOrientationPortrait UIInterfaceOrientationPortraitUpsideDown UIInterfaceOrientationLandscapeLeft UIInterfaceOrientationLandscapeRight";
				INFOPLIST_KEY_UISupportedInterfaceOrientations_iPhone = "UIInterfaceOrientationPortrait UIInterfaceOrientationLandscapeLeft UIInterfaceOrientationLandscapeRight";
				LD_RUNPATH_SEARCH_PATHS = (
					"$(inherited)",
					"@executable_path/Frameworks",
				);
				MARKETING_VERSION = 1.0;
				PRODUCT_BUNDLE_IDENTIFIER = com.swiftheroes.StateManagement;
				PRODUCT_NAME = "$(TARGET_NAME)";
				SWIFT_EMIT_LOC_STRINGS = YES;
				SWIFT_VERSION = 5.0;
				TARGETED_DEVICE_FAMILY = "1,2";
			};
			name = Release;
		};
		1581389927F345FB00020B2A /* Debug */ = {
			isa = XCBuildConfiguration;
			buildSettings = {
				ALWAYS_EMBED_SWIFT_STANDARD_LIBRARIES = YES;
				BUNDLE_LOADER = "$(TEST_HOST)";
				CODE_SIGN_STYLE = Automatic;
				CURRENT_PROJECT_VERSION = 1;
				GENERATE_INFOPLIST_FILE = YES;
				IPHONEOS_DEPLOYMENT_TARGET = 15.2;
				MARKETING_VERSION = 1.0;
				PRODUCT_BUNDLE_IDENTIFIER = com.swiftheroes.StateManagementTests;
				PRODUCT_NAME = "$(TARGET_NAME)";
				SWIFT_EMIT_LOC_STRINGS = NO;
				SWIFT_VERSION = 5.0;
				TARGETED_DEVICE_FAMILY = "1,2";
				TEST_HOST = "$(BUILT_PRODUCTS_DIR)/StateManagement.app/StateManagement";
			};
			name = Debug;
		};
		1581389A27F345FB00020B2A /* Release */ = {
			isa = XCBuildConfiguration;
			buildSettings = {
				ALWAYS_EMBED_SWIFT_STANDARD_LIBRARIES = YES;
				BUNDLE_LOADER = "$(TEST_HOST)";
				CODE_SIGN_STYLE = Automatic;
				CURRENT_PROJECT_VERSION = 1;
				GENERATE_INFOPLIST_FILE = YES;
				IPHONEOS_DEPLOYMENT_TARGET = 15.2;
				MARKETING_VERSION = 1.0;
				PRODUCT_BUNDLE_IDENTIFIER = com.swiftheroes.StateManagementTests;
				PRODUCT_NAME = "$(TARGET_NAME)";
				SWIFT_EMIT_LOC_STRINGS = NO;
				SWIFT_VERSION = 5.0;
				TARGETED_DEVICE_FAMILY = "1,2";
				TEST_HOST = "$(BUILT_PRODUCTS_DIR)/StateManagement.app/StateManagement";
			};
			name = Release;
		};
/* End XCBuildConfiguration section */

/* Begin XCConfigurationList section */
		1581386C27F345F400020B2A /* Build configuration list for PBXProject "StateManagement" */ = {
			isa = XCConfigurationList;
			buildConfigurations = (
				1581389327F345FB00020B2A /* Debug */,
				1581389427F345FB00020B2A /* Release */,
			);
			defaultConfigurationIsVisible = 0;
			defaultConfigurationName = Release;
		};
		1581389527F345FB00020B2A /* Build configuration list for PBXNativeTarget "StateManagement" */ = {
			isa = XCConfigurationList;
			buildConfigurations = (
				1581389627F345FB00020B2A /* Debug */,
				1581389727F345FB00020B2A /* Release */,
			);
			defaultConfigurationIsVisible = 0;
			defaultConfigurationName = Release;
		};
		1581389827F345FB00020B2A /* Build configuration list for PBXNativeTarget "StateManagementTests" */ = {
			isa = XCConfigurationList;
			buildConfigurations = (
				1581389927F345FB00020B2A /* Debug */,
				1581389A27F345FB00020B2A /* Release */,
			);
			defaultConfigurationIsVisible = 0;
			defaultConfigurationName = Release;
		};
/* End XCConfigurationList section */
	};
	rootObject = 1581386927F345F400020B2A /* Project object */;
}
